
Microsoft Visual Studio Solution File, Format Version 12.00
# Visual Studio Version 16
VisualStudioVersion = 16.0.30611.23
MinimumVisualStudioVersion = 10.0.40219.1
Project("{FAE04EC0-301F-11D3-BF4B-00C04F79EFBC}") = "M2.2_FaseIV", "M2.2_FaseIV\M2.2_FaseIV.csproj", "{93C2D40E-B107-496F-9D83-69A03FD9DC78}"
EndProject
Global
	GlobalSection(SolutionConfigurationPlatforms) = preSolution
		Debug|Any CPU = Debug|Any CPU
		Release|Any CPU = Release|Any CPU
	EndGlobalSection
	GlobalSection(ProjectConfigurationPlatforms) = postSolution
		{93C2D40E-B107-496F-9D83-69A03FD9DC78}.Debug|Any CPU.ActiveCfg = Debug|Any CPU
		{93C2D40E-B107-496F-9D83-69A03FD9DC78}.Debug|Any CPU.Build.0 = Debug|Any CPU
		{93C2D40E-B107-496F-9D83-69A03FD9DC78}.Release|Any CPU.ActiveCfg = Release|Any CPU
		{93C2D40E-B107-496F-9D83-69A03FD9DC78}.Release|Any CPU.Build.0 = Release|Any CPU
	EndGlobalSection
	GlobalSection(SolutionProperties) = preSolution
		HideSolutionNode = FALSE
	EndGlobalSection
	GlobalSection(ExtensibilityGlobals) = postSolution
		SolutionGuid = {B137ABE2-5F68-49A5-BA5D-757AFF1D405C}
	EndGlobalSection
EndGlobal
